
Microsoft Visual Studio Solution File, Format Version 12.00
# Visual Studio 2013
VisualStudioVersion = 12.0.21005.1
MinimumVisualStudioVersion = 10.0.40219.1
Project("{8BC9CEB8-8B4A-11D0-8D11-00A0C91BC942}") = "baotaiji", "baotaiji.vcxproj", "{8F154BE7-EFB1-3B2C-93A8-FAFC5CDCBD99}"
EndProject
Project("{8BC9CEB8-8B4A-11D0-8D11-00A0C91BC942}") = "ssvision", "ssvision\ssvision.vcxproj", "{29CE931F-CB57-3238-9DDB-AD70419A0036}"
EndProject
Global
	GlobalSection(SolutionConfigurationPlatforms) = preSolution
		Debug|Win32 = Debug|Win32
		Release|Win32 = Release|Win32
	EndGlobalSection
	GlobalSection(ProjectConfigurationPlatforms) = postSolution
		{8F154BE7-EFB1-3B2C-93A8-FAFC5CDCBD99}.Debug|Win32.ActiveCfg = Debug|Win32
		{8F154BE7-EFB1-3B2C-93A8-FAFC5CDCBD99}.Debug|Win32.Build.0 = Debug|Win32
		{8F154BE7-EFB1-3B2C-93A8-FAFC5CDCBD99}.Release|Win32.ActiveCfg = Release|Win32
		{8F154BE7-EFB1-3B2C-93A8-FAFC5CDCBD99}.Release|Win32.Build.0 = Release|Win32
		{29CE931F-CB57-3238-9DDB-AD70419A0036}.Debug|Win32.ActiveCfg = Debug|Win32
		{29CE931F-CB57-3238-9DDB-AD70419A0036}.Debug|Win32.Build.0 = Debug|Win32
		{29CE931F-CB57-3238-9DDB-AD70419A0036}.Release|Win32.ActiveCfg = Release|Win32
		{29CE931F-CB57-3238-9DDB-AD70419A0036}.Release|Win32.Build.0 = Release|Win32
	EndGlobalSection
	GlobalSection(SolutionProperties) = preSolution
		HideSolutionNode = FALSE
	EndGlobalSection
EndGlobal
