
Microsoft Visual Studio Solution File, Format Version 12.00
# Visual Studio 2013
VisualStudioVersion = 12.0.21005.1
MinimumVisualStudioVersion = 10.0.40219.1
Project("{8BC9CEB8-8B4A-11D0-8D11-00A0C91BC942}") = "ssvision", "ssvision.vcxproj", "{EBD5A28E-D0C0-3D76-B991-8023FE96E2AE}"
EndProject
Project("{8BC9CEB8-8B4A-11D0-8D11-00A0C91BC942}") = "baotaiji", "..\baotaiji.vcxproj", "{1678A099-12C6-30F7-82BA-4700DD97D5EA}"
EndProject
Global
	GlobalSection(SolutionConfigurationPlatforms) = preSolution
		Debug|Win32 = Debug|Win32
		Release|Win32 = Release|Win32
	EndGlobalSection
	GlobalSection(ProjectConfigurationPlatforms) = postSolution
		{EBD5A28E-D0C0-3D76-B991-8023FE96E2AE}.Debug|Win32.ActiveCfg = Debug|Win32
		{EBD5A28E-D0C0-3D76-B991-8023FE96E2AE}.Debug|Win32.Build.0 = Debug|Win32
		{EBD5A28E-D0C0-3D76-B991-8023FE96E2AE}.Release|Win32.ActiveCfg = Release|Win32
		{EBD5A28E-D0C0-3D76-B991-8023FE96E2AE}.Release|Win32.Build.0 = Release|Win32
		{1678A099-12C6-30F7-82BA-4700DD97D5EA}.Debug|Win32.ActiveCfg = Debug|Win32
		{1678A099-12C6-30F7-82BA-4700DD97D5EA}.Debug|Win32.Build.0 = Debug|Win32
		{1678A099-12C6-30F7-82BA-4700DD97D5EA}.Release|Win32.ActiveCfg = Release|Win32
		{1678A099-12C6-30F7-82BA-4700DD97D5EA}.Release|Win32.Build.0 = Release|Win32
	EndGlobalSection
	GlobalSection(SolutionProperties) = preSolution
		HideSolutionNode = FALSE
	EndGlobalSection
EndGlobal
